
Microsoft Visual Studio Solution File, Format Version 12.00
# Visual Studio Version 17
VisualStudioVersion = 17.4.33213.308
MinimumVisualStudioVersion = 10.0.40219.1
Project("{FAE04EC0-301F-11D3-BF4B-00C04F79EFBC}") = "NETPayCalculator", "NETPayCalculator\NETPayCalculator.csproj", "{0922129E-5B18-4C99-A97B-7B1F2DF374C2}"
EndProject
Global
	GlobalSection(SolutionConfigurationPlatforms) = preSolution
		Debug|Any CPU = Debug|Any CPU
		Release|Any CPU = Release|Any CPU
	EndGlobalSection
	GlobalSection(ProjectConfigurationPlatforms) = postSolution
		{0922129E-5B18-4C99-A97B-7B1F2DF374C2}.Debug|Any CPU.ActiveCfg = Debug|Any CPU
		{0922129E-5B18-4C99-A97B-7B1F2DF374C2}.Debug|Any CPU.Build.0 = Debug|Any CPU
		{0922129E-5B18-4C99-A97B-7B1F2DF374C2}.Release|Any CPU.ActiveCfg = Release|Any CPU
		{0922129E-5B18-4C99-A97B-7B1F2DF374C2}.Release|Any CPU.Build.0 = Release|Any CPU
	EndGlobalSection
	GlobalSection(SolutionProperties) = preSolution
		HideSolutionNode = FALSE
	EndGlobalSection
	GlobalSection(ExtensibilityGlobals) = postSolution
		SolutionGuid = {66E0673F-33D9-42B1-9C4E-CDDE30184E23}
	EndGlobalSection
EndGlobal
